
Microsoft Visual Studio Solution File, Format Version 12.00
# Visual Studio 15
VisualStudioVersion = 15.0.28307.168
MinimumVisualStudioVersion = 10.0.40219.1
Project("{8BC9CEB8-8B4A-11D0-8D11-00A0C91BC942}") = "Odwrotnosc macierzy", "Odwrotnosc macierzy\Odwrotnosc macierzy.vcxproj", "{0046252B-CAA5-4422-A52E-E4E19ACEA0C6}"
EndProject
Project("{8BC9CEB8-8B4A-11D0-8D11-00A0C91BC942}") = "Punkty", "Punkty\Punkty.vcxproj", "{96320293-0B6D-43BA-9CBC-25A95BA10E9D}"
EndProject
Project("{8BC9CEB8-8B4A-11D0-8D11-00A0C91BC942}") = "Trojkat-wzor", "Trojkat-wzor\Trojkat-wzor.vcxproj", "{4E3B4385-E3A6-447B-90AE-077448C476D4}"
EndProject
Project("{8BC9CEB8-8B4A-11D0-8D11-00A0C91BC942}") = "Destruktor", "Destruktor\Destruktor.vcxproj", "{63235B69-D0D2-4207-811E-0AFDFBF241CB}"
EndProject
Project("{8BC9CEB8-8B4A-11D0-8D11-00A0C91BC942}") = "Kwadrat", "Kwadrat\Kwadrat.vcxproj", "{29BDD3A2-13C2-4BBC-BA6A-9B72B8A4B4D2}"
EndProject
Project("{8BC9CEB8-8B4A-11D0-8D11-00A0C91BC942}") = "Figury", "Figury\Figury.vcxproj", "{00691A8A-5144-438B-A260-6D10A6CF57E2}"
EndProject
Project("{8BC9CEB8-8B4A-11D0-8D11-00A0C91BC942}") = "de", "de\de.vcxproj", "{B6F1850F-CAEB-4144-A664-3004E60E4F00}"
EndProject
Project("{8BC9CEB8-8B4A-11D0-8D11-00A0C91BC942}") = "Wektor", "Wektor\Wektor.vcxproj", "{83E437FB-E028-4477-A63F-6D879A22B6CA}"
EndProject
Project("{8BC9CEB8-8B4A-11D0-8D11-00A0C91BC942}") = "Macierz", "Macierz\Macierz.vcxproj", "{6DFA8EAA-7E0A-4980-85FD-9AB71DFCBD85}"
EndProject
Project("{8BC9CEB8-8B4A-11D0-8D11-00A0C91BC942}") = "m2", "m2\m2.vcxproj", "{2C2AF675-F43F-4127-96FA-A2655BB62362}"
EndProject
Project("{8BC9CEB8-8B4A-11D0-8D11-00A0C91BC942}") = "Zad2Macierze", "Zad2Macierze\Zad2Macierze.vcxproj", "{61C52FC1-9D75-4301-8CD5-70BD7A423046}"
EndProject
Project("{8BC9CEB8-8B4A-11D0-8D11-00A0C91BC942}") = "MPGK2020UPmgr", "..\..\..\Desktop\MPGK2020UPmgr-master\MPGK2020UPmgr\MPGK2020UPmgr.vcxproj", "{5035190E-608B-4363-A790-07DFCE0AE655}"
EndProject
Global
	GlobalSection(SolutionConfigurationPlatforms) = preSolution
		Debug|x64 = Debug|x64
		Debug|x86 = Debug|x86
		Release|x64 = Release|x64
		Release|x86 = Release|x86
	EndGlobalSection
	GlobalSection(ProjectConfigurationPlatforms) = postSolution
		{0046252B-CAA5-4422-A52E-E4E19ACEA0C6}.Debug|x64.ActiveCfg = Debug|x64
		{0046252B-CAA5-4422-A52E-E4E19ACEA0C6}.Debug|x64.Build.0 = Debug|x64
		{0046252B-CAA5-4422-A52E-E4E19ACEA0C6}.Debug|x86.ActiveCfg = Debug|Win32
		{0046252B-CAA5-4422-A52E-E4E19ACEA0C6}.Debug|x86.Build.0 = Debug|Win32
		{0046252B-CAA5-4422-A52E-E4E19ACEA0C6}.Release|x64.ActiveCfg = Release|x64
		{0046252B-CAA5-4422-A52E-E4E19ACEA0C6}.Release|x64.Build.0 = Release|x64
		{0046252B-CAA5-4422-A52E-E4E19ACEA0C6}.Release|x86.ActiveCfg = Release|Win32
		{0046252B-CAA5-4422-A52E-E4E19ACEA0C6}.Release|x86.Build.0 = Release|Win32
		{96320293-0B6D-43BA-9CBC-25A95BA10E9D}.Debug|x64.ActiveCfg = Debug|x64
		{96320293-0B6D-43BA-9CBC-25A95BA10E9D}.Debug|x64.Build.0 = Debug|x64
		{96320293-0B6D-43BA-9CBC-25A95BA10E9D}.Debug|x86.ActiveCfg = Debug|Win32
		{96320293-0B6D-43BA-9CBC-25A95BA10E9D}.Debug|x86.Build.0 = Debug|Win32
		{96320293-0B6D-43BA-9CBC-25A95BA10E9D}.Release|x64.ActiveCfg = Release|x64
		{96320293-0B6D-43BA-9CBC-25A95BA10E9D}.Release|x64.Build.0 = Release|x64
		{96320293-0B6D-43BA-9CBC-25A95BA10E9D}.Release|x86.ActiveCfg = Release|Win32
		{96320293-0B6D-43BA-9CBC-25A95BA10E9D}.Release|x86.Build.0 = Release|Win32
		{4E3B4385-E3A6-447B-90AE-077448C476D4}.Debug|x64.ActiveCfg = Debug|x64
		{4E3B4385-E3A6-447B-90AE-077448C476D4}.Debug|x64.Build.0 = Debug|x64
		{4E3B4385-E3A6-447B-90AE-077448C476D4}.Debug|x86.ActiveCfg = Debug|Win32
		{4E3B4385-E3A6-447B-90AE-077448C476D4}.Debug|x86.Build.0 = Debug|Win32
		{4E3B4385-E3A6-447B-90AE-077448C476D4}.Release|x64.ActiveCfg = Release|x64
		{4E3B4385-E3A6-447B-90AE-077448C476D4}.Release|x64.Build.0 = Release|x64
		{4E3B4385-E3A6-447B-90AE-077448C476D4}.Release|x86.ActiveCfg = Release|Win32
		{4E3B4385-E3A6-447B-90AE-077448C476D4}.Release|x86.Build.0 = Release|Win32
		{63235B69-D0D2-4207-811E-0AFDFBF241CB}.Debug|x64.ActiveCfg = Debug|x64
		{63235B69-D0D2-4207-811E-0AFDFBF241CB}.Debug|x64.Build.0 = Debug|x64
		{63235B69-D0D2-4207-811E-0AFDFBF241CB}.Debug|x86.ActiveCfg = Debug|Win32
		{63235B69-D0D2-4207-811E-0AFDFBF241CB}.Debug|x86.Build.0 = Debug|Win32
		{63235B69-D0D2-4207-811E-0AFDFBF241CB}.Release|x64.ActiveCfg = Release|x64
		{63235B69-D0D2-4207-811E-0AFDFBF241CB}.Release|x64.Build.0 = Release|x64
		{63235B69-D0D2-4207-811E-0AFDFBF241CB}.Release|x86.ActiveCfg = Release|Win32
		{63235B69-D0D2-4207-811E-0AFDFBF241CB}.Release|x86.Build.0 = Release|Win32
		{29BDD3A2-13C2-4BBC-BA6A-9B72B8A4B4D2}.Debug|x64.ActiveCfg = Debug|x64
		{29BDD3A2-13C2-4BBC-BA6A-9B72B8A4B4D2}.Debug|x64.Build.0 = Debug|x64
		{29BDD3A2-13C2-4BBC-BA6A-9B72B8A4B4D2}.Debug|x86.ActiveCfg = Debug|Win32
		{29BDD3A2-13C2-4BBC-BA6A-9B72B8A4B4D2}.Debug|x86.Build.0 = Debug|Win32
		{29BDD3A2-13C2-4BBC-BA6A-9B72B8A4B4D2}.Release|x64.ActiveCfg = Release|x64
		{29BDD3A2-13C2-4BBC-BA6A-9B72B8A4B4D2}.Release|x64.Build.0 = Release|x64
		{29BDD3A2-13C2-4BBC-BA6A-9B72B8A4B4D2}.Release|x86.ActiveCfg = Release|Win32
		{29BDD3A2-13C2-4BBC-BA6A-9B72B8A4B4D2}.Release|x86.Build.0 = Release|Win32
		{00691A8A-5144-438B-A260-6D10A6CF57E2}.Debug|x64.ActiveCfg = Debug|x64
		{00691A8A-5144-438B-A260-6D10A6CF57E2}.Debug|x64.Build.0 = Debug|x64
		{00691A8A-5144-438B-A260-6D10A6CF57E2}.Debug|x86.ActiveCfg = Debug|Win32
		{00691A8A-5144-438B-A260-6D10A6CF57E2}.Debug|x86.Build.0 = Debug|Win32
		{00691A8A-5144-438B-A260-6D10A6CF57E2}.Release|x64.ActiveCfg = Release|x64
		{00691A8A-5144-438B-A260-6D10A6CF57E2}.Release|x64.Build.0 = Release|x64
		{00691A8A-5144-438B-A260-6D10A6CF57E2}.Release|x86.ActiveCfg = Release|Win32
		{00691A8A-5144-438B-A260-6D10A6CF57E2}.Release|x86.Build.0 = Release|Win32
		{B6F1850F-CAEB-4144-A664-3004E60E4F00}.Debug|x64.ActiveCfg = Debug|x64
		{B6F1850F-CAEB-4144-A664-3004E60E4F00}.Debug|x64.Build.0 = Debug|x64
		{B6F1850F-CAEB-4144-A664-3004E60E4F00}.Debug|x86.ActiveCfg = Debug|Win32
		{B6F1850F-CAEB-4144-A664-3004E60E4F00}.Debug|x86.Build.0 = Debug|Win32
		{B6F1850F-CAEB-4144-A664-3004E60E4F00}.Release|x64.ActiveCfg = Release|x64
		{B6F1850F-CAEB-4144-A664-3004E60E4F00}.Release|x64.Build.0 = Release|x64
		{B6F1850F-CAEB-4144-A664-3004E60E4F00}.Release|x86.ActiveCfg = Release|Win32
		{B6F1850F-CAEB-4144-A664-3004E60E4F00}.Release|x86.Build.0 = Release|Win32
		{83E437FB-E028-4477-A63F-6D879A22B6CA}.Debug|x64.ActiveCfg = Debug|x64
		{83E437FB-E028-4477-A63F-6D879A22B6CA}.Debug|x64.Build.0 = Debug|x64
		{83E437FB-E028-4477-A63F-6D879A22B6CA}.Debug|x86.ActiveCfg = Debug|Win32
		{83E437FB-E028-4477-A63F-6D879A22B6CA}.Debug|x86.Build.0 = Debug|Win32
		{83E437FB-E028-4477-A63F-6D879A22B6CA}.Release|x64.ActiveCfg = Release|x64
		{83E437FB-E028-4477-A63F-6D879A22B6CA}.Release|x64.Build.0 = Release|x64
		{83E437FB-E028-4477-A63F-6D879A22B6CA}.Release|x86.ActiveCfg = Release|Win32
		{83E437FB-E028-4477-A63F-6D879A22B6CA}.Release|x86.Build.0 = Release|Win32
		{6DFA8EAA-7E0A-4980-85FD-9AB71DFCBD85}.Debug|x64.ActiveCfg = Debug|x64
		{6DFA8EAA-7E0A-4980-85FD-9AB71DFCBD85}.Debug|x64.Build.0 = Debug|x64
		{6DFA8EAA-7E0A-4980-85FD-9AB71DFCBD85}.Debug|x86.ActiveCfg = Debug|Win32
		{6DFA8EAA-7E0A-4980-85FD-9AB71DFCBD85}.Debug|x86.Build.0 = Debug|Win32
		{6DFA8EAA-7E0A-4980-85FD-9AB71DFCBD85}.Release|x64.ActiveCfg = Release|x64
		{6DFA8EAA-7E0A-4980-85FD-9AB71DFCBD85}.Release|x64.Build.0 = Release|x64
		{6DFA8EAA-7E0A-4980-85FD-9AB71DFCBD85}.Release|x86.ActiveCfg = Release|Win32
		{6DFA8EAA-7E0A-4980-85FD-9AB71DFCBD85}.Release|x86.Build.0 = Release|Win32
		{2C2AF675-F43F-4127-96FA-A2655BB62362}.Debug|x64.ActiveCfg = Debug|x64
		{2C2AF675-F43F-4127-96FA-A2655BB62362}.Debug|x64.Build.0 = Debug|x64
		{2C2AF675-F43F-4127-96FA-A2655BB62362}.Debug|x86.ActiveCfg = Debug|Win32
		{2C2AF675-F43F-4127-96FA-A2655BB62362}.Debug|x86.Build.0 = Debug|Win32
		{2C2AF675-F43F-4127-96FA-A2655BB62362}.Release|x64.ActiveCfg = Release|x64
		{2C2AF675-F43F-4127-96FA-A2655BB62362}.Release|x64.Build.0 = Release|x64
		{2C2AF675-F43F-4127-96FA-A2655BB62362}.Release|x86.ActiveCfg = Release|Win32
		{2C2AF675-F43F-4127-96FA-A2655BB62362}.Release|x86.Build.0 = Release|Win32
		{61C52FC1-9D75-4301-8CD5-70BD7A423046}.Debug|x64.ActiveCfg = Debug|x64
		{61C52FC1-9D75-4301-8CD5-70BD7A423046}.Debug|x64.Build.0 = Debug|x64
		{61C52FC1-9D75-4301-8CD5-70BD7A423046}.Debug|x86.ActiveCfg = Debug|Win32
		{61C52FC1-9D75-4301-8CD5-70BD7A423046}.Debug|x86.Build.0 = Debug|Win32
		{61C52FC1-9D75-4301-8CD5-70BD7A423046}.Release|x64.ActiveCfg = Release|x64
		{61C52FC1-9D75-4301-8CD5-70BD7A423046}.Release|x64.Build.0 = Release|x64
		{61C52FC1-9D75-4301-8CD5-70BD7A423046}.Release|x86.ActiveCfg = Release|Win32
		{61C52FC1-9D75-4301-8CD5-70BD7A423046}.Release|x86.Build.0 = Release|Win32
		{5035190E-608B-4363-A790-07DFCE0AE655}.Debug|x64.ActiveCfg = Debug|x64
		{5035190E-608B-4363-A790-07DFCE0AE655}.Debug|x64.Build.0 = Debug|x64
		{5035190E-608B-4363-A790-07DFCE0AE655}.Debug|x86.ActiveCfg = Debug|Win32
		{5035190E-608B-4363-A790-07DFCE0AE655}.Debug|x86.Build.0 = Debug|Win32
		{5035190E-608B-4363-A790-07DFCE0AE655}.Release|x64.ActiveCfg = Release|x64
		{5035190E-608B-4363-A790-07DFCE0AE655}.Release|x64.Build.0 = Release|x64
		{5035190E-608B-4363-A790-07DFCE0AE655}.Release|x86.ActiveCfg = Release|Win32
		{5035190E-608B-4363-A790-07DFCE0AE655}.Release|x86.Build.0 = Release|Win32
	EndGlobalSection
	GlobalSection(SolutionProperties) = preSolution
		HideSolutionNode = FALSE
	EndGlobalSection
	GlobalSection(ExtensibilityGlobals) = postSolution
		SolutionGuid = {5892C5DE-836C-4FB8-B14E-443C109BD7F9}
	EndGlobalSection
EndGlobal
